
Microsoft Visual Studio Solution File, Format Version 12.00
# Visual Studio 2013
VisualStudioVersion = 12.0.40629.0
MinimumVisualStudioVersion = 10.0.40219.1
Project("{FAE04EC0-301F-11D3-BF4B-00C04F79EFBC}") = "WebApplication1", "WebApplication1\WebApplication1.csproj", "{48B7F21B-D710-471D-BE3B-A93159669F83}"
EndProject
Project("{FAE04EC0-301F-11D3-BF4B-00C04F79EFBC}") = "WebApplication1.Tests", "WebApplication1.Tests\WebApplication1.Tests.csproj", "{884CBA34-F92E-493E-83A1-4E8B85141DC3}"
EndProject
Global
	GlobalSection(SolutionConfigurationPlatforms) = preSolution
		Debug|Any CPU = Debug|Any CPU
		Release|Any CPU = Release|Any CPU
	EndGlobalSection
	GlobalSection(ProjectConfigurationPlatforms) = postSolution
		{48B7F21B-D710-471D-BE3B-A93159669F83}.Debug|Any CPU.ActiveCfg = Debug|Any CPU
		{48B7F21B-D710-471D-BE3B-A93159669F83}.Debug|Any CPU.Build.0 = Debug|Any CPU
		{48B7F21B-D710-471D-BE3B-A93159669F83}.Release|Any CPU.ActiveCfg = Release|Any CPU
		{48B7F21B-D710-471D-BE3B-A93159669F83}.Release|Any CPU.Build.0 = Release|Any CPU
		{884CBA34-F92E-493E-83A1-4E8B85141DC3}.Debug|Any CPU.ActiveCfg = Debug|Any CPU
		{884CBA34-F92E-493E-83A1-4E8B85141DC3}.Debug|Any CPU.Build.0 = Debug|Any CPU
		{884CBA34-F92E-493E-83A1-4E8B85141DC3}.Release|Any CPU.ActiveCfg = Release|Any CPU
		{884CBA34-F92E-493E-83A1-4E8B85141DC3}.Release|Any CPU.Build.0 = Release|Any CPU
	EndGlobalSection
	GlobalSection(SolutionProperties) = preSolution
		HideSolutionNode = FALSE
	EndGlobalSection
EndGlobal
